
Microsoft Visual Studio Solution File, Format Version 12.00
# Visual Studio Version 16
VisualStudioVersion = 16.0.31229.75
MinimumVisualStudioVersion = 10.0.40219.1
Project("{FAE04EC0-301F-11D3-BF4B-00C04F79EFBC}") = "RogueLike", "Roguelike\RogueLike.csproj", "{6A326D10-5F58-4E73-89B6-F0C3A2D46FB9}"
EndProject
Global
	GlobalSection(SolutionConfigurationPlatforms) = preSolution
		Debug|Any CPU = Debug|Any CPU
		Release|Any CPU = Release|Any CPU
	EndGlobalSection
	GlobalSection(ProjectConfigurationPlatforms) = postSolution
		{6A326D10-5F58-4E73-89B6-F0C3A2D46FB9}.Debug|Any CPU.ActiveCfg = Debug|Any CPU
		{6A326D10-5F58-4E73-89B6-F0C3A2D46FB9}.Debug|Any CPU.Build.0 = Debug|Any CPU
		{6A326D10-5F58-4E73-89B6-F0C3A2D46FB9}.Release|Any CPU.ActiveCfg = Release|Any CPU
		{6A326D10-5F58-4E73-89B6-F0C3A2D46FB9}.Release|Any CPU.Build.0 = Release|Any CPU
	EndGlobalSection
	GlobalSection(SolutionProperties) = preSolution
		HideSolutionNode = FALSE
	EndGlobalSection
	GlobalSection(ExtensibilityGlobals) = postSolution
		SolutionGuid = {A5B618FD-1A1F-496A-842E-A01EC3CDA1F1}
	EndGlobalSection
EndGlobal
